
Microsoft Visual Studio Solution File, Format Version 12.00
# Visual Studio 14
VisualStudioVersion = 14.0.25420.1
MinimumVisualStudioVersion = 10.0.40219.1
Project("{FAE04EC0-301F-11D3-BF4B-00C04F79EFBC}") = "Adapter-2", "Adapter-2\Adapter-2.csproj", "{27AD2A0D-1AA7-4023-A153-26D402B8EBCC}"
EndProject
Global
	GlobalSection(SolutionConfigurationPlatforms) = preSolution
		Debug|Any CPU = Debug|Any CPU
		Release|Any CPU = Release|Any CPU
	EndGlobalSection
	GlobalSection(ProjectConfigurationPlatforms) = postSolution
		{27AD2A0D-1AA7-4023-A153-26D402B8EBCC}.Debug|Any CPU.ActiveCfg = Debug|Any CPU
		{27AD2A0D-1AA7-4023-A153-26D402B8EBCC}.Debug|Any CPU.Build.0 = Debug|Any CPU
		{27AD2A0D-1AA7-4023-A153-26D402B8EBCC}.Release|Any CPU.ActiveCfg = Release|Any CPU
		{27AD2A0D-1AA7-4023-A153-26D402B8EBCC}.Release|Any CPU.Build.0 = Release|Any CPU
	EndGlobalSection
	GlobalSection(SolutionProperties) = preSolution
		HideSolutionNode = FALSE
	EndGlobalSection
EndGlobal
